
Microsoft Visual Studio Solution File, Format Version 12.00
# Visual Studio Version 16
VisualStudioVersion = 16.0.30002.166
MinimumVisualStudioVersion = 10.0.40219.1
Project("{FAE04EC0-301F-11D3-BF4B-00C04F79EFBC}") = "Calculation", "Calculation\Calculation.csproj", "{52F04E38-6916-4917-A670-DAB3500BBC31}"
EndProject
Project("{FAE04EC0-301F-11D3-BF4B-00C04F79EFBC}") = "TestCalculation", "TestCalculation\TestCalculation.csproj", "{3476E3F3-6EEB-4404-AB12-B82437607E79}"
EndProject
Global
	GlobalSection(SolutionConfigurationPlatforms) = preSolution
		Debug|Any CPU = Debug|Any CPU
		Release|Any CPU = Release|Any CPU
	EndGlobalSection
	GlobalSection(ProjectConfigurationPlatforms) = postSolution
		{52F04E38-6916-4917-A670-DAB3500BBC31}.Debug|Any CPU.ActiveCfg = Debug|Any CPU
		{52F04E38-6916-4917-A670-DAB3500BBC31}.Debug|Any CPU.Build.0 = Debug|Any CPU
		{52F04E38-6916-4917-A670-DAB3500BBC31}.Release|Any CPU.ActiveCfg = Release|Any CPU
		{52F04E38-6916-4917-A670-DAB3500BBC31}.Release|Any CPU.Build.0 = Release|Any CPU
		{3476E3F3-6EEB-4404-AB12-B82437607E79}.Debug|Any CPU.ActiveCfg = Debug|Any CPU
		{3476E3F3-6EEB-4404-AB12-B82437607E79}.Debug|Any CPU.Build.0 = Debug|Any CPU
		{3476E3F3-6EEB-4404-AB12-B82437607E79}.Release|Any CPU.ActiveCfg = Release|Any CPU
		{3476E3F3-6EEB-4404-AB12-B82437607E79}.Release|Any CPU.Build.0 = Release|Any CPU
	EndGlobalSection
	GlobalSection(SolutionProperties) = preSolution
		HideSolutionNode = FALSE
	EndGlobalSection
	GlobalSection(ExtensibilityGlobals) = postSolution
		SolutionGuid = {D6B516A0-10BC-4AFB-A90A-A450AFE7517B}
	EndGlobalSection
EndGlobal
